
Microsoft Visual Studio Solution File, Format Version 12.00
# Visual Studio Version 16
VisualStudioVersion = 16.0.29728.190
MinimumVisualStudioVersion = 10.0.40219.1
Project("{FAE04EC0-301F-11D3-BF4B-00C04F79EFBC}") = "TRACNGHIEMBYWINFORM", "TRACNGHIEMBYWINFORM\TRACNGHIEMBYWINFORM.csproj", "{2D5449B0-6372-4902-81EA-747A5B280F71}"
EndProject
Global
	GlobalSection(SolutionConfigurationPlatforms) = preSolution
		Debug|Any CPU = Debug|Any CPU
		Release|Any CPU = Release|Any CPU
	EndGlobalSection
	GlobalSection(ProjectConfigurationPlatforms) = postSolution
		{2D5449B0-6372-4902-81EA-747A5B280F71}.Debug|Any CPU.ActiveCfg = Debug|Any CPU
		{2D5449B0-6372-4902-81EA-747A5B280F71}.Debug|Any CPU.Build.0 = Debug|Any CPU
		{2D5449B0-6372-4902-81EA-747A5B280F71}.Release|Any CPU.ActiveCfg = Release|Any CPU
		{2D5449B0-6372-4902-81EA-747A5B280F71}.Release|Any CPU.Build.0 = Release|Any CPU
	EndGlobalSection
	GlobalSection(SolutionProperties) = preSolution
		HideSolutionNode = FALSE
	EndGlobalSection
	GlobalSection(ExtensibilityGlobals) = postSolution
		SolutionGuid = {DF65B2C5-57EB-4B14-86A6-BF0A63A6A6C9}
	EndGlobalSection
EndGlobal
